
Microsoft Visual Studio Solution File, Format Version 12.00
# Visual Studio Version 16
VisualStudioVersion = 16.0.29123.88
MinimumVisualStudioVersion = 10.0.40219.1
Project("{9A19103F-16F7-4668-BE54-9A1E7A4F7556}") = "ProAgil.WebAPI", "ProAgil.WebAPI.csproj", "{AA6DDAD9-81B4-448E-9E6C-93F6FACE4C34}"
EndProject
Global
	GlobalSection(SolutionConfigurationPlatforms) = preSolution
		Debug|Any CPU = Debug|Any CPU
		Release|Any CPU = Release|Any CPU
	EndGlobalSection
	GlobalSection(ProjectConfigurationPlatforms) = postSolution
		{AA6DDAD9-81B4-448E-9E6C-93F6FACE4C34}.Debug|Any CPU.ActiveCfg = Debug|Any CPU
		{AA6DDAD9-81B4-448E-9E6C-93F6FACE4C34}.Debug|Any CPU.Build.0 = Debug|Any CPU
		{AA6DDAD9-81B4-448E-9E6C-93F6FACE4C34}.Release|Any CPU.ActiveCfg = Release|Any CPU
		{AA6DDAD9-81B4-448E-9E6C-93F6FACE4C34}.Release|Any CPU.Build.0 = Release|Any CPU
	EndGlobalSection
	GlobalSection(SolutionProperties) = preSolution
		HideSolutionNode = FALSE
	EndGlobalSection
	GlobalSection(ExtensibilityGlobals) = postSolution
		SolutionGuid = {076FFA05-E924-4A79-95AD-CC5264044A4C}
	EndGlobalSection
EndGlobal
